
Microsoft Visual Studio Solution File, Format Version 12.00
# Visual Studio Version 17
VisualStudioVersion = 17.13.35818.85 d17.13
MinimumVisualStudioVersion = 10.0.40219.1
Project("{FAE04EC0-301F-11D3-BF4B-00C04F79EFBC}") = "Entitity_relation_mapping", "Entitity_relation_mapping\Entitity_relation_mapping.csproj", "{CCEA0616-8349-41A9-920D-C812E0C3C687}"
EndProject
Global
	GlobalSection(SolutionConfigurationPlatforms) = preSolution
		Debug|Any CPU = Debug|Any CPU
		Release|Any CPU = Release|Any CPU
	EndGlobalSection
	GlobalSection(ProjectConfigurationPlatforms) = postSolution
		{CCEA0616-8349-41A9-920D-C812E0C3C687}.Debug|Any CPU.ActiveCfg = Debug|Any CPU
		{CCEA0616-8349-41A9-920D-C812E0C3C687}.Debug|Any CPU.Build.0 = Debug|Any CPU
		{CCEA0616-8349-41A9-920D-C812E0C3C687}.Release|Any CPU.ActiveCfg = Release|Any CPU
		{CCEA0616-8349-41A9-920D-C812E0C3C687}.Release|Any CPU.Build.0 = Release|Any CPU
	EndGlobalSection
	GlobalSection(SolutionProperties) = preSolution
		HideSolutionNode = FALSE
	EndGlobalSection
	GlobalSection(ExtensibilityGlobals) = postSolution
		SolutionGuid = {F3F5134C-D6F1-4D81-BF5C-AF4579EDB0AF}
	EndGlobalSection
EndGlobal
